
Microsoft Visual Studio Solution File, Format Version 12.00
# Visual Studio Version 17
VisualStudioVersion = 17.5.33424.131
MinimumVisualStudioVersion = 10.0.40219.1
Project("{2150E333-8FDC-42A3-9474-1A3956D46DE8}") = "Services", "Services", "{8E5B60C8-D0CF-4B26-AB75-44773BCCD12E}"
EndProject
Project("{2150E333-8FDC-42A3-9474-1A3956D46DE8}") = "Catalog", "Catalog", "{0D0A7099-E9FD-40BF-A74D-5F9DD2C6751A}"
EndProject
Project("{9A19103F-16F7-4668-BE54-9A1E7A4F7556}") = "ExerciseMicroservices.Services.Catalog", "Services\Catalog\ExerciseMicroservices.Services.Catalog\ExerciseMicroservices.Services.Catalog.csproj", "{2466DB68-FF68-4C69-9683-BDC1453D6845}"
EndProject
Project("{2150E333-8FDC-42A3-9474-1A3956D46DE8}") = "Solution Items", "Solution Items", "{23D4F1E9-9759-4CB1-A303-B209335BA76E}"
	ProjectSection(SolutionItems) = preProject
		Ports.txt = Ports.txt
	EndProjectSection
EndProject
Project("{2150E333-8FDC-42A3-9474-1A3956D46DE8}") = "Shared", "Shared", "{42ABA88A-EDAA-4116-BB85-A645EF12F0BC}"
EndProject
Project("{9A19103F-16F7-4668-BE54-9A1E7A4F7556}") = "ExerciseMicroservices.Shared", "Shared\ExerciseMicroservices.Shared\ExerciseMicroservices.Shared.csproj", "{20BD86CA-7CE6-4207-8F4D-E50FB3810403}"
EndProject
Project("{2150E333-8FDC-42A3-9474-1A3956D46DE8}") = "Identity", "Identity", "{0D579275-FB7B-4031-BFB7-00D4F96FEDD5}"
EndProject
Project("{9A19103F-16F7-4668-BE54-9A1E7A4F7556}") = "ExerciseMicroservices.IdentityServer4", "Identity\ExerciseMicroservices.IdentityServer4\ExerciseMicroservices.IdentityServer4.csproj", "{9DFC239A-9431-4977-8ACE-019ABEAFB945}"
EndProject
Global
	GlobalSection(SolutionConfigurationPlatforms) = preSolution
		Debug|Any CPU = Debug|Any CPU
		Release|Any CPU = Release|Any CPU
	EndGlobalSection
	GlobalSection(ProjectConfigurationPlatforms) = postSolution
		{2466DB68-FF68-4C69-9683-BDC1453D6845}.Debug|Any CPU.ActiveCfg = Debug|Any CPU
		{2466DB68-FF68-4C69-9683-BDC1453D6845}.Debug|Any CPU.Build.0 = Debug|Any CPU
		{2466DB68-FF68-4C69-9683-BDC1453D6845}.Release|Any CPU.ActiveCfg = Release|Any CPU
		{2466DB68-FF68-4C69-9683-BDC1453D6845}.Release|Any CPU.Build.0 = Release|Any CPU
		{20BD86CA-7CE6-4207-8F4D-E50FB3810403}.Debug|Any CPU.ActiveCfg = Debug|Any CPU
		{20BD86CA-7CE6-4207-8F4D-E50FB3810403}.Debug|Any CPU.Build.0 = Debug|Any CPU
		{20BD86CA-7CE6-4207-8F4D-E50FB3810403}.Release|Any CPU.ActiveCfg = Release|Any CPU
		{20BD86CA-7CE6-4207-8F4D-E50FB3810403}.Release|Any CPU.Build.0 = Release|Any CPU
		{9DFC239A-9431-4977-8ACE-019ABEAFB945}.Debug|Any CPU.ActiveCfg = Debug|Any CPU
		{9DFC239A-9431-4977-8ACE-019ABEAFB945}.Debug|Any CPU.Build.0 = Debug|Any CPU
		{9DFC239A-9431-4977-8ACE-019ABEAFB945}.Release|Any CPU.ActiveCfg = Release|Any CPU
		{9DFC239A-9431-4977-8ACE-019ABEAFB945}.Release|Any CPU.Build.0 = Release|Any CPU
	EndGlobalSection
	GlobalSection(SolutionProperties) = preSolution
		HideSolutionNode = FALSE
	EndGlobalSection
	GlobalSection(NestedProjects) = preSolution
		{0D0A7099-E9FD-40BF-A74D-5F9DD2C6751A} = {8E5B60C8-D0CF-4B26-AB75-44773BCCD12E}
		{2466DB68-FF68-4C69-9683-BDC1453D6845} = {0D0A7099-E9FD-40BF-A74D-5F9DD2C6751A}
		{20BD86CA-7CE6-4207-8F4D-E50FB3810403} = {42ABA88A-EDAA-4116-BB85-A645EF12F0BC}
		{9DFC239A-9431-4977-8ACE-019ABEAFB945} = {0D579275-FB7B-4031-BFB7-00D4F96FEDD5}
	EndGlobalSection
	GlobalSection(ExtensibilityGlobals) = postSolution
		SolutionGuid = {AA5BB4FE-CAF7-4EBA-A5D3-A07758DAE19C}
	EndGlobalSection
EndGlobal
